{
  "version": 4,
  "terraform_version": "1.1.7",
  "serial": 133,
  "lineage": "92ac30d6-a2fd-213a-ce61-f3f97d1feb15",
  "outputs": {},
  "resources": [
    {
      "module": "module.alb",
      "mode": "data",
      "type": "aws_lb",
      "name": "alb",
      "provider": "provider[\"registry.terraform.io/hashicorp/aws\"]",
      "instances": [
        {
          "schema_version": 0,
          "attributes": {
            "access_logs": [
              {
                "bucket": "",
                "enabled": false,
                "prefix": ""
              }
            ],
            "arn": "arn:aws:elasticloadbalancing:us-east-1:377740208333:loadbalancer/app/callst-events-api-dev/2944b04d05e1f2a8",
            "arn_suffix": "app/callst-events-api-dev/2944b04d05e1f2a8",
            "customer_owned_ipv4_pool": "",
            "desync_mitigation_mode": "defensive",
            "dns_name": "internal-callst-events-api-dev-51073254.us-east-1.elb.amazonaws.com",
            "drop_invalid_header_fields": false,
            "enable_deletion_protection": false,
            "enable_http2": true,
            "enable_waf_fail_open": false,
            "id": "arn:aws:elasticloadbalancing:us-east-1:377740208333:loadbalancer/app/callst-events-api-dev/2944b04d05e1f2a8",
            "idle_timeout": 60,
            "internal": true,
            "ip_address_type": "ipv4",
            "load_balancer_type": "application",
            "name": "callst-events-api-dev",
            "security_groups": [
              "sg-055454209470c46dc"
            ],
            "subnet_mapping": [
              {
                "allocation_id": "",
                "ipv6_address": "",
                "outpost_id": "",
                "private_ipv4_address": "",
                "subnet_id": "subnet-03d13f9ac39fe4e18"
              },
              {
                "allocation_id": "",
                "ipv6_address": "",
                "outpost_id": "",
                "private_ipv4_address": "",
                "subnet_id": "subnet-0df67c7359ea9e25e"
              },
              {
                "allocation_id": "",
                "ipv6_address": "",
                "outpost_id": "",
                "private_ipv4_address": "",
                "subnet_id": "subnet-0e499e2d66864beb9"
              }
            ],
            "subnets": [
              "subnet-03d13f9ac39fe4e18",
              "subnet-0df67c7359ea9e25e",
              "subnet-0e499e2d66864beb9"
            ],
            "tags": {},
            "vpc_id": "vpc-011df16a9f44f88e3",
            "zone_id": "Z35SXDOTRQ7X7K"
          },
          "sensitive_attributes": []
        }
      ]
    },
    {
      "module": "module.alb",
      "mode": "data",
      "type": "aws_lb_listener",
      "name": "alb80",
      "provider": "provider[\"registry.terraform.io/hashicorp/aws\"]",
      "instances": [
        {
          "schema_version": 0,
          "attributes": {
            "alpn_policy": null,
            "arn": "arn:aws:elasticloadbalancing:us-east-1:377740208333:listener/app/callst-events-api-dev/2944b04d05e1f2a8/8ed57c01d201e376",
            "certificate_arn": null,
            "default_action": [
              {
                "authenticate_cognito": [],
                "authenticate_oidc": [],
                "fixed_response": [],
                "forward": [],
                "order": 1,
                "redirect": [],
                "target_group_arn": "arn:aws:elasticloadbalancing:us-east-1:377740208333:targetgroup/events-api-tg/54b062afd4229e9e",
                "type": "forward"
              }
            ],
            "id": "arn:aws:elasticloadbalancing:us-east-1:377740208333:listener/app/callst-events-api-dev/2944b04d05e1f2a8/8ed57c01d201e376",
            "load_balancer_arn": "arn:aws:elasticloadbalancing:us-east-1:377740208333:loadbalancer/app/callst-events-api-dev/2944b04d05e1f2a8",
            "port": 80,
            "protocol": "HTTP",
            "ssl_policy": "",
            "tags": {}
          },
          "sensitive_attributes": []
        }
      ]
    },
    {
      "module": "module.alb",
      "mode": "managed",
      "type": "aws_lambda_permission",
      "name": "alb1",
      "provider": "provider[\"registry.terraform.io/hashicorp/aws\"]",
      "instances": [
        {
          "schema_version": 0,
          "attributes": {
            "action": "lambda:InvokeFunction",
            "event_source_token": null,
            "function_name": "ogg-task-creator-api",
            "id": "AllowExecutionFromALB",
            "principal": "elasticloadbalancing.amazonaws.com",
            "qualifier": "",
            "source_account": null,
            "source_arn": "arn:aws:elasticloadbalancing:us-east-1:377740208333:targetgroup/ogg-target-group/56dd648397a4672f",
            "statement_id": "AllowExecutionFromALB",
            "statement_id_prefix": null
          },
          "sensitive_attributes": [],
          "private": "bnVsbA==",
          "dependencies": [
            "module.alb.aws_lb_target_group.ogg-target-group"
          ]
        }
      ]
    },
    {
      "module": "module.alb",
      "mode": "managed",
      "type": "aws_lb_listener_rule",
      "name": "AlblistenerRule",
      "provider": "provider[\"registry.terraform.io/hashicorp/aws\"]",
      "instances": [
        {
          "schema_version": 0,
          "attributes": {
            "action": [
              {
                "authenticate_cognito": [],
                "authenticate_oidc": [],
                "fixed_response": [],
                "forward": [],
                "order": 1,
                "redirect": [],
                "target_group_arn": "arn:aws:elasticloadbalancing:us-east-1:377740208333:targetgroup/ogg-target-group/56dd648397a4672f",
                "type": "forward"
              }
            ],
            "arn": "arn:aws:elasticloadbalancing:us-east-1:377740208333:listener-rule/app/callst-events-api-dev/2944b04d05e1f2a8/8ed57c01d201e376/393619524b133f58",
            "condition": [
              {
                "host_header": [],
                "http_header": [],
                "http_request_method": [],
                "path_pattern": [
                  {
                    "values": [
                      "/api/dam/ogg_task"
                    ]
                  }
                ],
                "query_string": [],
                "source_ip": []
              }
            ],
            "id": "arn:aws:elasticloadbalancing:us-east-1:377740208333:listener-rule/app/callst-events-api-dev/2944b04d05e1f2a8/8ed57c01d201e376/393619524b133f58",
            "listener_arn": "arn:aws:elasticloadbalancing:us-east-1:377740208333:listener/app/callst-events-api-dev/2944b04d05e1f2a8/8ed57c01d201e376",
            "priority": 2,
            "tags": {},
            "tags_all": {}
          },
          "sensitive_attributes": [],
          "private": "bnVsbA==",
          "dependencies": [
            "module.alb.aws_lb_target_group.ogg-target-group",
            "module.alb.data.aws_lb.alb",
            "module.alb.data.aws_lb_listener.alb80"
          ]
        }
      ]
    },
    {
      "module": "module.alb",
      "mode": "managed",
      "type": "aws_lb_target_group",
      "name": "ogg-target-group",
      "provider": "provider[\"registry.terraform.io/hashicorp/aws\"]",
      "instances": [
        {
          "schema_version": 0,
          "attributes": {
            "arn": "arn:aws:elasticloadbalancing:us-east-1:377740208333:targetgroup/ogg-target-group/56dd648397a4672f",
            "arn_suffix": "targetgroup/ogg-target-group/56dd648397a4672f",
            "connection_termination": false,
            "deregistration_delay": "300",
            "health_check": [
              {
                "enabled": false,
                "healthy_threshold": 5,
                "interval": 35,
                "matcher": "200",
                "path": "/",
                "port": "",
                "protocol": "",
                "timeout": 30,
                "unhealthy_threshold": 2
              }
            ],
            "id": "arn:aws:elasticloadbalancing:us-east-1:377740208333:targetgroup/ogg-target-group/56dd648397a4672f",
            "lambda_multi_value_headers_enabled": false,
            "load_balancing_algorithm_type": null,
            "name": "ogg-target-group",
            "name_prefix": null,
            "port": null,
            "preserve_client_ip": null,
            "protocol": null,
            "protocol_version": null,
            "proxy_protocol_v2": false,
            "slow_start": 0,
            "stickiness": [
              {
                "cookie_duration": null,
                "cookie_name": null,
                "enabled": null,
                "type": null
              }
            ],
            "tags": {},
            "tags_all": {},
            "target_type": "lambda",
            "vpc_id": null
          },
          "sensitive_attributes": [],
          "private": "bnVsbA=="
        }
      ]
    },
    {
      "module": "module.alb",
      "mode": "managed",
      "type": "aws_lb_target_group_attachment",
      "name": "TG_attachment",
      "provider": "provider[\"registry.terraform.io/hashicorp/aws\"]",
      "instances": [
        {
          "schema_version": 0,
          "attributes": {
            "availability_zone": null,
            "id": "arn:aws:elasticloadbalancing:us-east-1:377740208333:targetgroup/ogg-target-group/56dd648397a4672f-20220322072817995900000001",
            "port": null,
            "target_group_arn": "arn:aws:elasticloadbalancing:us-east-1:377740208333:targetgroup/ogg-target-group/56dd648397a4672f",
            "target_id": "arn:aws:lambda:us-east-1:377740208333:function:ogg-task-creator-api"
          },
          "sensitive_attributes": [],
          "private": "bnVsbA==",
          "dependencies": [
            "module.alb.aws_lambda_permission.alb1",
            "module.alb.aws_lb_target_group.ogg-target-group",
            "module.lambda.aws_lambda_function.ogg-task-creator-api"
          ]
        }
      ]
    },
    {
      "module": "module.lambda",
      "mode": "data",
      "type": "aws_iam_role",
      "name": "lambda_role",
      "provider": "provider[\"registry.terraform.io/hashicorp/aws\"]",
      "instances": [
        {
          "schema_version": 0,
          "attributes": {
            "arn": "arn:aws:iam::377740208333:role/service-execution-iam-role",
            "assume_role_policy": "{\"Version\":\"2012-10-17\",\"Statement\":[{\"Sid\":\"EC2\",\"Effect\":\"Allow\",\"Principal\":{\"Service\":\"ec2.amazonaws.com\"},\"Action\":\"sts:AssumeRole\"},{\"Sid\":\"Lambda\",\"Effect\":\"Allow\",\"Principal\":{\"Service\":\"lambda.amazonaws.com\"},\"Action\":\"sts:AssumeRole\"},{\"Sid\":\"RDS\",\"Effect\":\"Allow\",\"Principal\":{\"Service\":\"rds.amazonaws.com\"},\"Action\":\"sts:AssumeRole\"},{\"Sid\":\"ECSTasks\",\"Effect\":\"Allow\",\"Principal\":{\"Service\":\"ecs-tasks.amazonaws.com\"},\"Action\":\"sts:AssumeRole\"},{\"Sid\":\"CodeBuild\",\"Effect\":\"Allow\",\"Principal\":{\"Service\":\"codebuild.amazonaws.com\"},\"Action\":\"sts:AssumeRole\"},{\"Sid\":\"StepFunctionState\",\"Effect\":\"Allow\",\"Principal\":{\"Service\":\"states.amazonaws.com\"},\"Action\":\"sts:AssumeRole\"},{\"Sid\":\"lakeformation\",\"Effect\":\"Allow\",\"Principal\":{\"Service\":\"lakeformation.amazonaws.com\"},\"Action\":\"sts:AssumeRole\"},{\"Sid\":\"glue\",\"Effect\":\"Allow\",\"Principal\":{\"Service\":\"glue.amazonaws.com\"},\"Action\":\"sts:AssumeRole\"}]}",
            "create_date": "2019-07-25T21:04:08Z",
            "description": "generic read/write role for compute resources like EC2 and lambda",
            "id": "service-execution-iam-role",
            "max_session_duration": 43200,
            "name": "service-execution-iam-role",
            "path": "/",
            "permissions_boundary": "",
            "tags": {
              "Name": "service-execution-iam-role",
              "fds:Function": "generic application role for compute resources"
            },
            "unique_id": "AROAVP4YSFDG7JOPFHMJ3"
          },
          "sensitive_attributes": []
        }
      ]
    },
    {
      "module": "module.lambda",
      "mode": "data",
      "type": "aws_security_groups",
      "name": "security_groups",
      "provider": "provider[\"registry.terraform.io/hashicorp/aws\"]",
      "instances": [
        {
          "schema_version": 0,
          "attributes": {
            "arns": [
              "arn:aws:ec2:us-east-1:377740208333:security-group/sg-06c03418cbeb9e959"
            ],
            "filter": null,
            "id": "us-east-1",
            "ids": [
              "sg-06c03418cbeb9e959"
            ],
            "tags": {
              "fds:Function": "fds-default-compute-secgroup"
            },
            "vpc_ids": [
              "vpc-011df16a9f44f88e3"
            ]
          },
          "sensitive_attributes": []
        }
      ]
    },
    {
      "module": "module.lambda",
      "mode": "data",
      "type": "aws_ssm_parameter",
      "name": "vpc_id",
      "provider": "provider[\"registry.terraform.io/hashicorp/aws\"]",
      "instances": [
        {
          "schema_version": 0,
          "attributes": {
            "arn": "arn:aws:ssm:us-east-1:377740208333:parameter/fdscloud/vpc_id",
            "id": "/fdscloud/vpc_id",
            "name": "/fdscloud/vpc_id",
            "type": "String",
            "value": "vpc-011df16a9f44f88e3",
            "version": 1,
            "with_decryption": true
          },
          "sensitive_attributes": []
        }
      ]
    },
    {
      "module": "module.lambda",
      "mode": "data",
      "type": "aws_subnet_ids",
      "name": "lambda_subnets",
      "provider": "provider[\"registry.terraform.io/hashicorp/aws\"]",
      "instances": [
        {
          "schema_version": 0,
          "attributes": {
            "filter": null,
            "id": "vpc-011df16a9f44f88e3",
            "ids": [
              "subnet-03d13f9ac39fe4e18",
              "subnet-0df67c7359ea9e25e",
              "subnet-0e499e2d66864beb9"
            ],
            "tags": {
              "fds:Function": "fds-compute-subnet"
            },
            "vpc_id": "vpc-011df16a9f44f88e3"
          },
          "sensitive_attributes": [
            [
              {
                "type": "get_attr",
                "value": "vpc_id"
              }
            ]
          ]
        }
      ]
    },
    {
      "module": "module.lambda",
      "mode": "data",
      "type": "aws_vpc",
      "name": "vpc",
      "provider": "provider[\"registry.terraform.io/hashicorp/aws\"]",
      "instances": [
        {
          "schema_version": 0,
          "attributes": {
            "arn": "arn:aws:ec2:us-east-1:987081338440:vpc/vpc-011df16a9f44f88e3",
            "cidr_block": "10.129.224.0/19",
            "cidr_block_associations": [
              {
                "association_id": "vpc-cidr-assoc-049410f6b59357e04",
                "cidr_block": "10.129.224.0/19",
                "state": "associated"
              }
            ],
            "default": false,
            "dhcp_options_id": "dopt-0d1bd3f69ee3cacd6",
            "enable_dns_hostnames": true,
            "enable_dns_support": true,
            "filter": null,
            "id": "vpc-011df16a9f44f88e3",
            "instance_tenancy": "default",
            "ipv6_association_id": "",
            "ipv6_cidr_block": "",
            "main_route_table_id": "rtb-00e49bacec851fb9d",
            "owner_id": "987081338440",
            "state": null,
            "tags": {
              "Name": "sbu-content-dev-useast1-vpc-1",
              "fds:CostCenter": "content",
              "fds:DataClassification": "Internal-use Only",
              "fds:Environment": "dev",
              "fds:Owner": "net-engineers@factset.com",
              "fds:ServiceCatalog": "preferred",
              "fds:TaggingVersion": "1.0",
              "fds:shared-vpc": "default"
            }
          },
          "sensitive_attributes": [
            [
              {
                "type": "get_attr",
                "value": "id"
              }
            ]
          ]
        }
      ]
    },
    {
      "module": "module.lambda",
      "mode": "managed",
      "type": "aws_lambda_function",
      "name": "ogg-task-creator-api",
      "provider": "provider[\"registry.terraform.io/hashicorp/aws\"]",
      "instances": [
        {
          "schema_version": 0,
          "attributes": {
            "architectures": [
              "x86_64"
            ],
            "arn": "arn:aws:lambda:us-east-1:377740208333:function:ogg-task-creator-api",
            "code_signing_config_arn": "",
            "dead_letter_config": [],
            "description": "A function to upload OGG files to DAM using the common-dam-api endpoints",
            "environment": [],
            "file_system_config": [],
            "filename": "./archive/requests_layer_python38.zip",
            "function_name": "ogg-task-creator-api",
            "handler": "requests_layer_python38.lambda_handler",
            "id": "ogg-task-creator-api",
            "image_config": [],
            "image_uri": "",
            "invoke_arn": "arn:aws:apigateway:us-east-1:lambda:path/2015-03-31/functions/arn:aws:lambda:us-east-1:377740208333:function:ogg-task-creator-api/invocations",
            "kms_key_arn": "",
            "last_modified": "2022-03-22T06:01:54.883+0000",
            "layers": [
              "arn:aws:lambda:us-east-1:377740208333:layer:requests_layer_python38:14"
            ],
            "memory_size": 512,
            "package_type": "Zip",
            "publish": false,
            "qualified_arn": "arn:aws:lambda:us-east-1:377740208333:function:ogg-task-creator-api:$LATEST",
            "reserved_concurrent_executions": -1,
            "role": "arn:aws:iam::377740208333:role/service-execution-iam-role",
            "runtime": "python3.8",
            "s3_bucket": null,
            "s3_key": null,
            "s3_object_version": null,
            "signing_job_arn": "",
            "signing_profile_version_arn": "",
            "source_code_hash": "qgS8yt7uSR4UFKb8Ginos0WledHfNtqNMvI2pxxCBJE=",
            "source_code_size": 288,
            "tags": {},
            "tags_all": {},
            "timeout": 180,
            "timeouts": null,
            "tracing_config": [
              {
                "mode": "PassThrough"
              }
            ],
            "version": "$LATEST",
            "vpc_config": [
              {
                "security_group_ids": [
                  "sg-06c03418cbeb9e959"
                ],
                "subnet_ids": [
                  "subnet-03d13f9ac39fe4e18",
                  "subnet-0df67c7359ea9e25e",
                  "subnet-0e499e2d66864beb9"
                ],
                "vpc_id": "vpc-011df16a9f44f88e3"
              }
            ]
          },
          "sensitive_attributes": [],
          "private": "eyJlMmJmYjczMC1lY2FhLTExZTYtOGY4OC0zNDM2M2JjN2M0YzAiOnsiY3JlYXRlIjo2MDAwMDAwMDAwMDB9fQ==",
          "dependencies": [
            "module.lambda.aws_lambda_layer_version.requests_layer_python38",
            "module.lambda.data.aws_security_groups.security_groups",
            "module.lambda.data.aws_ssm_parameter.vpc_id",
            "module.lambda.data.aws_subnet_ids.lambda_subnets",
            "module.lambda.data.aws_vpc.vpc"
          ]
        }
      ]
    },
    {
      "module": "module.lambda",
      "mode": "managed",
      "type": "aws_lambda_layer_version",
      "name": "requests_layer_python38",
      "provider": "provider[\"registry.terraform.io/hashicorp/aws\"]",
      "instances": [
        {
          "schema_version": 0,
          "attributes": {
            "arn": "arn:aws:lambda:us-east-1:377740208333:layer:requests_layer_python38:14",
            "compatible_architectures": [],
            "compatible_runtimes": [
              "python3.8"
            ],
            "created_date": "2022-03-22T06:01:48.607+0000",
            "description": "Layer requesting python38",
            "filename": "./archive/requests_layer_python38.zip",
            "id": "arn:aws:lambda:us-east-1:377740208333:layer:requests_layer_python38:14",
            "layer_arn": "arn:aws:lambda:us-east-1:377740208333:layer:requests_layer_python38",
            "layer_name": "requests_layer_python38",
            "license_info": "",
            "s3_bucket": null,
            "s3_key": null,
            "s3_object_version": null,
            "signing_job_arn": "",
            "signing_profile_version_arn": "",
            "skip_destroy": false,
            "source_code_hash": "qgS8yt7uSR4UFKb8Ginos0WledHfNtqNMvI2pxxCBJE=",
            "source_code_size": 288,
            "version": "14"
          },
          "sensitive_attributes": [],
          "private": "bnVsbA=="
        }
      ]
    },
    {
      "module": "module.sqs",
      "mode": "managed",
      "type": "aws_sqs_queue",
      "name": "ogg-upload-tasks",
      "provider": "provider[\"registry.terraform.io/hashicorp/aws\"]",
      "instances": [
        {
          "schema_version": 0,
          "attributes": {
            "arn": "arn:aws:sqs:us-east-1:377740208333:ogg-upload-tasks",
            "content_based_deduplication": false,
            "deduplication_scope": "",
            "delay_seconds": 10,
            "fifo_queue": false,
            "fifo_throughput_limit": "",
            "id": "https://sqs.us-east-1.amazonaws.com/377740208333/ogg-upload-tasks",
            "kms_data_key_reuse_period_seconds": 300,
            "kms_master_key_id": "",
            "max_message_size": 262144,
            "message_retention_seconds": 1209600,
            "name": "ogg-upload-tasks",
            "name_prefix": "",
            "policy": "",
            "receive_wait_time_seconds": 10,
            "redrive_allow_policy": "{\"redrivePermission\":\"byQueue\",\"sourceQueueArns\":[\"arn:aws:sqs:us-east-1:377740208333:ogg-upload-tasks-deadletter\"]}",
            "redrive_policy": "{\"deadLetterTargetArn\":\"arn:aws:sqs:us-east-1:377740208333:ogg-upload-tasks-deadletter\",\"maxReceiveCount\":2}",
            "sqs_managed_sse_enabled": false,
            "tags": {},
            "tags_all": {},
            "url": "https://sqs.us-east-1.amazonaws.com/377740208333/ogg-upload-tasks",
            "visibility_timeout_seconds": 180
          },
          "sensitive_attributes": [],
          "private": "bnVsbA==",
          "dependencies": [
            "module.sqs.aws_sqs_queue.ogg-upload-tasks-deadletter"
          ]
        }
      ]
    },
    {
      "module": "module.sqs",
      "mode": "managed",
      "type": "aws_sqs_queue",
      "name": "ogg-upload-tasks-deadletter",
      "provider": "provider[\"registry.terraform.io/hashicorp/aws\"]",
      "instances": [
        {
          "schema_version": 0,
          "attributes": {
            "arn": "arn:aws:sqs:us-east-1:377740208333:ogg-upload-tasks-deadletter",
            "content_based_deduplication": false,
            "deduplication_scope": "",
            "delay_seconds": 10,
            "fifo_queue": false,
            "fifo_throughput_limit": "",
            "id": "https://sqs.us-east-1.amazonaws.com/377740208333/ogg-upload-tasks-deadletter",
            "kms_data_key_reuse_period_seconds": 300,
            "kms_master_key_id": "",
            "max_message_size": 262144,
            "message_retention_seconds": 1209600,
            "name": "ogg-upload-tasks-deadletter",
            "name_prefix": "",
            "policy": "",
            "receive_wait_time_seconds": 10,
            "redrive_allow_policy": "",
            "redrive_policy": "",
            "sqs_managed_sse_enabled": false,
            "tags": {},
            "tags_all": {},
            "url": "https://sqs.us-east-1.amazonaws.com/377740208333/ogg-upload-tasks-deadletter",
            "visibility_timeout_seconds": 180
          },
          "sensitive_attributes": [],
          "private": "bnVsbA=="
        }
      ]
    }
  ]
}
